
Microsoft Visual Studio Solution File, Format Version 12.00
# Visual Studio 14
VisualStudioVersion = 14.0.25123.0
MinimumVisualStudioVersion = 10.0.40219.1
Project("{FAE04EC0-301F-11D3-BF4B-00C04F79EFBC}") = "PseudoGameEngine", "PseudoGameEngine\PseudoGameEngine.csproj", "{580E22C6-8734-4C45-B964-93098328280D}"
EndProject
Project("{FAE04EC0-301F-11D3-BF4B-00C04F79EFBC}") = "PseudoGameEngine_Test", "PseudoGameEngine_Test\PseudoGameEngine_Test.csproj", "{38295032-B833-472F-8C81-FFA48CFBCAA8}"
EndProject
Project("{FAE04EC0-301F-11D3-BF4B-00C04F79EFBC}") = "SDL2", "SDL2-CS\SDL2.csproj", "{85480198-8711-4355-830E-72FD794AD3F6}"
EndProject
Project("{2150E333-8FDC-42A3-9474-1A3956D46DE8}") = "OpenGL", "OpenGL", "{EC6B45C3-BF0D-41E0-B3FE-D73A8265F1D3}"
EndProject
Project("{FAE04EC0-301F-11D3-BF4B-00C04F79EFBC}") = "SharpGL", "sharpgl\source\SharpGL\Core\SharpGL\SharpGL.csproj", "{5EF45533-E2C7-46F2-B4A3-B8F36CD406E0}"
EndProject
Project("{FAE04EC0-301F-11D3-BF4B-00C04F79EFBC}") = "SharpGL.WinForms", "sharpgl\source\SharpGL\Core\SharpGL.WinForms\SharpGL.WinForms.csproj", "{B2984A6D-AD1C-4BE9-94AB-BA002B338751}"
EndProject
Project("{FAE04EC0-301F-11D3-BF4B-00C04F79EFBC}") = "SharpGL.WPF", "sharpgl\source\SharpGL\Core\SharpGL.WPF\SharpGL.WPF.csproj", "{53E67055-13D2-4467-BB57-79589AFAC2CD}"
EndProject
Project("{FAE04EC0-301F-11D3-BF4B-00C04F79EFBC}") = "SharpGL.Serialization", "sharpgl\source\SharpGL\Core\SharpGL.Serialization\SharpGL.Serialization.csproj", "{FDFA2632-A960-4778-A517-CA9E337C037C}"
EndProject
Project("{FAE04EC0-301F-11D3-BF4B-00C04F79EFBC}") = "SharpGL.SceneGraph", "sharpgl\source\SharpGL\Core\SharpGL.SceneGraph\SharpGL.SceneGraph.csproj", "{47BCAA39-EDAD-4404-B6BD-4742B0ABB523}"
EndProject
Project("{2150E333-8FDC-42A3-9474-1A3956D46DE8}") = "Shared", "Shared", "{D2E99047-F511-4CE1-B07F-41412E9FF7B4}"
	ProjectSection(SolutionItems) = preProject
		sharpgl\source\SharpGL\SharedAssemblyInfo.cs = sharpgl\source\SharpGL\SharedAssemblyInfo.cs
	EndProjectSection
EndProject
Project("{2150E333-8FDC-42A3-9474-1A3956D46DE8}") = "dependencies", "dependencies", "{4D8FF95D-1244-4E44-8728-7E736C854430}"
EndProject
Project("{2150E333-8FDC-42A3-9474-1A3956D46DE8}") = "WebPage", "WebPage", "{9C35703B-53EA-497F-8844-C477D62E37DA}"
	ProjectSection(SolutionItems) = preProject
		index.html = index.html
		params.json = params.json
	EndProjectSection
EndProject
Project("{2150E333-8FDC-42A3-9474-1A3956D46DE8}") = "stylesheets", "stylesheets", "{287CC303-1109-49A6-AE94-9EC6FB461D51}"
	ProjectSection(SolutionItems) = preProject
		stylesheets\github-light.css = stylesheets\github-light.css
		stylesheets\normalize.css = stylesheets\normalize.css
		stylesheets\stylesheet.css = stylesheets\stylesheet.css
	EndProjectSection
EndProject
Project("{2150E333-8FDC-42A3-9474-1A3956D46DE8}") = "Readme", "Readme", "{4D1C97A5-C183-4A53-8EA6-F2682F405D55}"
	ProjectSection(SolutionItems) = preProject
		README.md = README.md
	EndProjectSection
EndProject
Global
	GlobalSection(SolutionConfigurationPlatforms) = preSolution
		Debug|Any CPU = Debug|Any CPU
		Debug|Mixed Platforms = Debug|Mixed Platforms
		Debug|x64 = Debug|x64
		Debug|x86 = Debug|x86
		Release|Any CPU = Release|Any CPU
		Release|Mixed Platforms = Release|Mixed Platforms
		Release|x64 = Release|x64
		Release|x86 = Release|x86
	EndGlobalSection
	GlobalSection(ProjectConfigurationPlatforms) = postSolution
		{580E22C6-8734-4C45-B964-93098328280D}.Debug|Any CPU.ActiveCfg = Debug|Any CPU
		{580E22C6-8734-4C45-B964-93098328280D}.Debug|Any CPU.Build.0 = Debug|Any CPU
		{580E22C6-8734-4C45-B964-93098328280D}.Debug|Mixed Platforms.ActiveCfg = Debug|Any CPU
		{580E22C6-8734-4C45-B964-93098328280D}.Debug|Mixed Platforms.Build.0 = Debug|Any CPU
		{580E22C6-8734-4C45-B964-93098328280D}.Debug|x64.ActiveCfg = Debug|Any CPU
		{580E22C6-8734-4C45-B964-93098328280D}.Debug|x64.Build.0 = Debug|Any CPU
		{580E22C6-8734-4C45-B964-93098328280D}.Debug|x86.ActiveCfg = Debug|Any CPU
		{580E22C6-8734-4C45-B964-93098328280D}.Debug|x86.Build.0 = Debug|Any CPU
		{580E22C6-8734-4C45-B964-93098328280D}.Release|Any CPU.ActiveCfg = Release|Any CPU
		{580E22C6-8734-4C45-B964-93098328280D}.Release|Any CPU.Build.0 = Release|Any CPU
		{580E22C6-8734-4C45-B964-93098328280D}.Release|Mixed Platforms.ActiveCfg = Release|Any CPU
		{580E22C6-8734-4C45-B964-93098328280D}.Release|Mixed Platforms.Build.0 = Release|Any CPU
		{580E22C6-8734-4C45-B964-93098328280D}.Release|x64.ActiveCfg = Release|Any CPU
		{580E22C6-8734-4C45-B964-93098328280D}.Release|x64.Build.0 = Release|Any CPU
		{580E22C6-8734-4C45-B964-93098328280D}.Release|x86.ActiveCfg = Release|Any CPU
		{580E22C6-8734-4C45-B964-93098328280D}.Release|x86.Build.0 = Release|Any CPU
		{38295032-B833-472F-8C81-FFA48CFBCAA8}.Debug|Any CPU.ActiveCfg = Debug|Any CPU
		{38295032-B833-472F-8C81-FFA48CFBCAA8}.Debug|Any CPU.Build.0 = Debug|Any CPU
		{38295032-B833-472F-8C81-FFA48CFBCAA8}.Debug|Mixed Platforms.ActiveCfg = Debug|Any CPU
		{38295032-B833-472F-8C81-FFA48CFBCAA8}.Debug|Mixed Platforms.Build.0 = Debug|Any CPU
		{38295032-B833-472F-8C81-FFA48CFBCAA8}.Debug|x64.ActiveCfg = Debug|Any CPU
		{38295032-B833-472F-8C81-FFA48CFBCAA8}.Debug|x64.Build.0 = Debug|Any CPU
		{38295032-B833-472F-8C81-FFA48CFBCAA8}.Debug|x86.ActiveCfg = Debug|Any CPU
		{38295032-B833-472F-8C81-FFA48CFBCAA8}.Debug|x86.Build.0 = Debug|Any CPU
		{38295032-B833-472F-8C81-FFA48CFBCAA8}.Release|Any CPU.ActiveCfg = Release|Any CPU
		{38295032-B833-472F-8C81-FFA48CFBCAA8}.Release|Any CPU.Build.0 = Release|Any CPU
		{38295032-B833-472F-8C81-FFA48CFBCAA8}.Release|Mixed Platforms.ActiveCfg = Release|Any CPU
		{38295032-B833-472F-8C81-FFA48CFBCAA8}.Release|Mixed Platforms.Build.0 = Release|Any CPU
		{38295032-B833-472F-8C81-FFA48CFBCAA8}.Release|x64.ActiveCfg = Release|Any CPU
		{38295032-B833-472F-8C81-FFA48CFBCAA8}.Release|x64.Build.0 = Release|Any CPU
		{38295032-B833-472F-8C81-FFA48CFBCAA8}.Release|x86.ActiveCfg = Release|Any CPU
		{38295032-B833-472F-8C81-FFA48CFBCAA8}.Release|x86.Build.0 = Release|Any CPU
		{85480198-8711-4355-830E-72FD794AD3F6}.Debug|Any CPU.ActiveCfg = Debug|Any CPU
		{85480198-8711-4355-830E-72FD794AD3F6}.Debug|Any CPU.Build.0 = Debug|Any CPU
		{85480198-8711-4355-830E-72FD794AD3F6}.Debug|Mixed Platforms.ActiveCfg = Debug|x86
		{85480198-8711-4355-830E-72FD794AD3F6}.Debug|Mixed Platforms.Build.0 = Debug|x86
		{85480198-8711-4355-830E-72FD794AD3F6}.Debug|x64.ActiveCfg = Debug|x64
		{85480198-8711-4355-830E-72FD794AD3F6}.Debug|x64.Build.0 = Debug|x64
		{85480198-8711-4355-830E-72FD794AD3F6}.Debug|x86.ActiveCfg = Debug|x86
		{85480198-8711-4355-830E-72FD794AD3F6}.Debug|x86.Build.0 = Debug|x86
		{85480198-8711-4355-830E-72FD794AD3F6}.Release|Any CPU.ActiveCfg = Release|Any CPU
		{85480198-8711-4355-830E-72FD794AD3F6}.Release|Any CPU.Build.0 = Release|Any CPU
		{85480198-8711-4355-830E-72FD794AD3F6}.Release|Mixed Platforms.ActiveCfg = Release|x86
		{85480198-8711-4355-830E-72FD794AD3F6}.Release|Mixed Platforms.Build.0 = Release|x86
		{85480198-8711-4355-830E-72FD794AD3F6}.Release|x64.ActiveCfg = Release|x64
		{85480198-8711-4355-830E-72FD794AD3F6}.Release|x64.Build.0 = Release|x64
		{85480198-8711-4355-830E-72FD794AD3F6}.Release|x86.ActiveCfg = Release|x86
		{85480198-8711-4355-830E-72FD794AD3F6}.Release|x86.Build.0 = Release|x86
		{5EF45533-E2C7-46F2-B4A3-B8F36CD406E0}.Debug|Any CPU.ActiveCfg = Debug|Any CPU
		{5EF45533-E2C7-46F2-B4A3-B8F36CD406E0}.Debug|Any CPU.Build.0 = Debug|Any CPU
		{5EF45533-E2C7-46F2-B4A3-B8F36CD406E0}.Debug|Mixed Platforms.ActiveCfg = Debug|Any CPU
		{5EF45533-E2C7-46F2-B4A3-B8F36CD406E0}.Debug|Mixed Platforms.Build.0 = Debug|Any CPU
		{5EF45533-E2C7-46F2-B4A3-B8F36CD406E0}.Debug|x64.ActiveCfg = Debug|Any CPU
		{5EF45533-E2C7-46F2-B4A3-B8F36CD406E0}.Debug|x64.Build.0 = Debug|Any CPU
		{5EF45533-E2C7-46F2-B4A3-B8F36CD406E0}.Debug|x86.ActiveCfg = Debug|Any CPU
		{5EF45533-E2C7-46F2-B4A3-B8F36CD406E0}.Debug|x86.Build.0 = Debug|Any CPU
		{5EF45533-E2C7-46F2-B4A3-B8F36CD406E0}.Release|Any CPU.ActiveCfg = Release|Any CPU
		{5EF45533-E2C7-46F2-B4A3-B8F36CD406E0}.Release|Any CPU.Build.0 = Release|Any CPU
		{5EF45533-E2C7-46F2-B4A3-B8F36CD406E0}.Release|Mixed Platforms.ActiveCfg = Release|Any CPU
		{5EF45533-E2C7-46F2-B4A3-B8F36CD406E0}.Release|Mixed Platforms.Build.0 = Release|Any CPU
		{5EF45533-E2C7-46F2-B4A3-B8F36CD406E0}.Release|x64.ActiveCfg = Release|Any CPU
		{5EF45533-E2C7-46F2-B4A3-B8F36CD406E0}.Release|x64.Build.0 = Release|Any CPU
		{5EF45533-E2C7-46F2-B4A3-B8F36CD406E0}.Release|x86.ActiveCfg = Release|Any CPU
		{5EF45533-E2C7-46F2-B4A3-B8F36CD406E0}.Release|x86.Build.0 = Release|Any CPU
		{B2984A6D-AD1C-4BE9-94AB-BA002B338751}.Debug|Any CPU.ActiveCfg = Debug|Any CPU
		{B2984A6D-AD1C-4BE9-94AB-BA002B338751}.Debug|Any CPU.Build.0 = Debug|Any CPU
		{B2984A6D-AD1C-4BE9-94AB-BA002B338751}.Debug|Mixed Platforms.ActiveCfg = Debug|Any CPU
		{B2984A6D-AD1C-4BE9-94AB-BA002B338751}.Debug|Mixed Platforms.Build.0 = Debug|Any CPU
		{B2984A6D-AD1C-4BE9-94AB-BA002B338751}.Debug|x64.ActiveCfg = Debug|Any CPU
		{B2984A6D-AD1C-4BE9-94AB-BA002B338751}.Debug|x64.Build.0 = Debug|Any CPU
		{B2984A6D-AD1C-4BE9-94AB-BA002B338751}.Debug|x86.ActiveCfg = Debug|Any CPU
		{B2984A6D-AD1C-4BE9-94AB-BA002B338751}.Debug|x86.Build.0 = Debug|Any CPU
		{B2984A6D-AD1C-4BE9-94AB-BA002B338751}.Release|Any CPU.ActiveCfg = Release|Any CPU
		{B2984A6D-AD1C-4BE9-94AB-BA002B338751}.Release|Any CPU.Build.0 = Release|Any CPU
		{B2984A6D-AD1C-4BE9-94AB-BA002B338751}.Release|Mixed Platforms.ActiveCfg = Release|Any CPU
		{B2984A6D-AD1C-4BE9-94AB-BA002B338751}.Release|Mixed Platforms.Build.0 = Release|Any CPU
		{B2984A6D-AD1C-4BE9-94AB-BA002B338751}.Release|x64.ActiveCfg = Release|Any CPU
		{B2984A6D-AD1C-4BE9-94AB-BA002B338751}.Release|x64.Build.0 = Release|Any CPU
		{B2984A6D-AD1C-4BE9-94AB-BA002B338751}.Release|x86.ActiveCfg = Release|Any CPU
		{B2984A6D-AD1C-4BE9-94AB-BA002B338751}.Release|x86.Build.0 = Release|Any CPU
		{53E67055-13D2-4467-BB57-79589AFAC2CD}.Debug|Any CPU.ActiveCfg = Debug|Any CPU
		{53E67055-13D2-4467-BB57-79589AFAC2CD}.Debug|Any CPU.Build.0 = Debug|Any CPU
		{53E67055-13D2-4467-BB57-79589AFAC2CD}.Debug|Mixed Platforms.ActiveCfg = Debug|Any CPU
		{53E67055-13D2-4467-BB57-79589AFAC2CD}.Debug|Mixed Platforms.Build.0 = Debug|Any CPU
		{53E67055-13D2-4467-BB57-79589AFAC2CD}.Debug|x64.ActiveCfg = Debug|Any CPU
		{53E67055-13D2-4467-BB57-79589AFAC2CD}.Debug|x64.Build.0 = Debug|Any CPU
		{53E67055-13D2-4467-BB57-79589AFAC2CD}.Debug|x86.ActiveCfg = Debug|Any CPU
		{53E67055-13D2-4467-BB57-79589AFAC2CD}.Debug|x86.Build.0 = Debug|Any CPU
		{53E67055-13D2-4467-BB57-79589AFAC2CD}.Release|Any CPU.ActiveCfg = Release|Any CPU
		{53E67055-13D2-4467-BB57-79589AFAC2CD}.Release|Any CPU.Build.0 = Release|Any CPU
		{53E67055-13D2-4467-BB57-79589AFAC2CD}.Release|Mixed Platforms.ActiveCfg = Release|Any CPU
		{53E67055-13D2-4467-BB57-79589AFAC2CD}.Release|Mixed Platforms.Build.0 = Release|Any CPU
		{53E67055-13D2-4467-BB57-79589AFAC2CD}.Release|x64.ActiveCfg = Release|Any CPU
		{53E67055-13D2-4467-BB57-79589AFAC2CD}.Release|x64.Build.0 = Release|Any CPU
		{53E67055-13D2-4467-BB57-79589AFAC2CD}.Release|x86.ActiveCfg = Release|Any CPU
		{53E67055-13D2-4467-BB57-79589AFAC2CD}.Release|x86.Build.0 = Release|Any CPU
		{FDFA2632-A960-4778-A517-CA9E337C037C}.Debug|Any CPU.ActiveCfg = Debug|Any CPU
		{FDFA2632-A960-4778-A517-CA9E337C037C}.Debug|Any CPU.Build.0 = Debug|Any CPU
		{FDFA2632-A960-4778-A517-CA9E337C037C}.Debug|Mixed Platforms.ActiveCfg = Debug|Any CPU
		{FDFA2632-A960-4778-A517-CA9E337C037C}.Debug|Mixed Platforms.Build.0 = Debug|Any CPU
		{FDFA2632-A960-4778-A517-CA9E337C037C}.Debug|x64.ActiveCfg = Debug|Any CPU
		{FDFA2632-A960-4778-A517-CA9E337C037C}.Debug|x64.Build.0 = Debug|Any CPU
		{FDFA2632-A960-4778-A517-CA9E337C037C}.Debug|x86.ActiveCfg = Debug|Any CPU
		{FDFA2632-A960-4778-A517-CA9E337C037C}.Debug|x86.Build.0 = Debug|Any CPU
		{FDFA2632-A960-4778-A517-CA9E337C037C}.Release|Any CPU.ActiveCfg = Release|Any CPU
		{FDFA2632-A960-4778-A517-CA9E337C037C}.Release|Any CPU.Build.0 = Release|Any CPU
		{FDFA2632-A960-4778-A517-CA9E337C037C}.Release|Mixed Platforms.ActiveCfg = Release|Any CPU
		{FDFA2632-A960-4778-A517-CA9E337C037C}.Release|Mixed Platforms.Build.0 = Release|Any CPU
		{FDFA2632-A960-4778-A517-CA9E337C037C}.Release|x64.ActiveCfg = Release|Any CPU
		{FDFA2632-A960-4778-A517-CA9E337C037C}.Release|x64.Build.0 = Release|Any CPU
		{FDFA2632-A960-4778-A517-CA9E337C037C}.Release|x86.ActiveCfg = Release|Any CPU
		{FDFA2632-A960-4778-A517-CA9E337C037C}.Release|x86.Build.0 = Release|Any CPU
		{47BCAA39-EDAD-4404-B6BD-4742B0ABB523}.Debug|Any CPU.ActiveCfg = Debug|Any CPU
		{47BCAA39-EDAD-4404-B6BD-4742B0ABB523}.Debug|Any CPU.Build.0 = Debug|Any CPU
		{47BCAA39-EDAD-4404-B6BD-4742B0ABB523}.Debug|Mixed Platforms.ActiveCfg = Debug|Any CPU
		{47BCAA39-EDAD-4404-B6BD-4742B0ABB523}.Debug|Mixed Platforms.Build.0 = Debug|Any CPU
		{47BCAA39-EDAD-4404-B6BD-4742B0ABB523}.Debug|x64.ActiveCfg = Debug|Any CPU
		{47BCAA39-EDAD-4404-B6BD-4742B0ABB523}.Debug|x64.Build.0 = Debug|Any CPU
		{47BCAA39-EDAD-4404-B6BD-4742B0ABB523}.Debug|x86.ActiveCfg = Debug|Any CPU
		{47BCAA39-EDAD-4404-B6BD-4742B0ABB523}.Debug|x86.Build.0 = Debug|Any CPU
		{47BCAA39-EDAD-4404-B6BD-4742B0ABB523}.Release|Any CPU.ActiveCfg = Release|Any CPU
		{47BCAA39-EDAD-4404-B6BD-4742B0ABB523}.Release|Any CPU.Build.0 = Release|Any CPU
		{47BCAA39-EDAD-4404-B6BD-4742B0ABB523}.Release|Mixed Platforms.ActiveCfg = Release|Any CPU
		{47BCAA39-EDAD-4404-B6BD-4742B0ABB523}.Release|Mixed Platforms.Build.0 = Release|Any CPU
		{47BCAA39-EDAD-4404-B6BD-4742B0ABB523}.Release|x64.ActiveCfg = Release|Any CPU
		{47BCAA39-EDAD-4404-B6BD-4742B0ABB523}.Release|x64.Build.0 = Release|Any CPU
		{47BCAA39-EDAD-4404-B6BD-4742B0ABB523}.Release|x86.ActiveCfg = Release|Any CPU
		{47BCAA39-EDAD-4404-B6BD-4742B0ABB523}.Release|x86.Build.0 = Release|Any CPU
	EndGlobalSection
	GlobalSection(SolutionProperties) = preSolution
		HideSolutionNode = FALSE
	EndGlobalSection
	GlobalSection(NestedProjects) = preSolution
		{85480198-8711-4355-830E-72FD794AD3F6} = {4D8FF95D-1244-4E44-8728-7E736C854430}
		{EC6B45C3-BF0D-41E0-B3FE-D73A8265F1D3} = {4D8FF95D-1244-4E44-8728-7E736C854430}
		{5EF45533-E2C7-46F2-B4A3-B8F36CD406E0} = {EC6B45C3-BF0D-41E0-B3FE-D73A8265F1D3}
		{B2984A6D-AD1C-4BE9-94AB-BA002B338751} = {EC6B45C3-BF0D-41E0-B3FE-D73A8265F1D3}
		{53E67055-13D2-4467-BB57-79589AFAC2CD} = {EC6B45C3-BF0D-41E0-B3FE-D73A8265F1D3}
		{FDFA2632-A960-4778-A517-CA9E337C037C} = {EC6B45C3-BF0D-41E0-B3FE-D73A8265F1D3}
		{47BCAA39-EDAD-4404-B6BD-4742B0ABB523} = {EC6B45C3-BF0D-41E0-B3FE-D73A8265F1D3}
		{D2E99047-F511-4CE1-B07F-41412E9FF7B4} = {EC6B45C3-BF0D-41E0-B3FE-D73A8265F1D3}
		{287CC303-1109-49A6-AE94-9EC6FB461D51} = {9C35703B-53EA-497F-8844-C477D62E37DA}
	EndGlobalSection
EndGlobal
